lockfileVersion: '9.0'

settings:
  autoInstallPeers: true
  excludeLinksFromLockfile: false

overrides:
  rollup: npm:@rollup/wasm-node@4.52.5

importers:

  .:
    dependencies:
      '@skeletonlabs/skeleton':
        specifier: ^5.0.1
        version: 5.0.1(tailwindcss@4.3.3)
      '@skeletonlabs/skeleton-svelte':
        specifier: ^5.0.1
        version: 5.0.1(svelte@5.57.1)
      '@sveltejs/adapter-static':
        specifier: ^3.0.10
        version: 3.0.10(@sveltejs/kit@2.70.3(@sveltejs/vite-plugin-svelte@6.2.4(svelte@5.57.1)(vite@7.3.6(jiti@2.7.0)))(svelte@5.57.1)(typescript@5.9.3)(vite@7.3.6(jiti@2.7.0)))
      '@sveltejs/kit':
        specifier: ^2.48.5
        version: 2.70.3(@sveltejs/vite-plugin-svelte@6.2.4(svelte@5.57.1)(vite@7.3.6(jiti@2.7.0)))(svelte@5.57.1)(typescript@5.9.3)(vite@7.3.6(jiti@2.7.0))
      svelte:
        specifier: ^5.57.1
        version: 5.57.1
    devDependencies:
      '@sveltejs/vite-plugin-svelte':
        specifier: ^6.2.1
        version: 6.2.4(svelte@5.57.1)(vite@7.3.6(jiti@2.7.0))
      svelte-check:
        specifier: ^4.3.3
        version: 4.7.6(picomatch@4.0.7)(svelte@5.57.1)(typescript@5.9.3)
      tailwindcss:
        specifier: ^4.1.14
        version: 4.3.3
      typescript:
        specifier: ~5.9.3
        version: 5.9.3
      vite:
        specifier: ^7.1.9
        version: 7.3.6(jiti@2.7.0)

packages:

  '@esbuild/aix-ppc64@0.28.2':
    resolution: {integrity: sha512-XExcO+dvLKvVtNTibSTBej1NCAbaGhWn9Ww1ZPx80qsahhPFe/8jgWP0IchNe0F3HwkU7n8ejhH8bjonqht8mQ==}
    engines: {node: '>=18'}
    cpu: [ppc64]
    os: [aix]

  '@esbuild/android-arm64@0.28.2':
    resolution: {integrity: sha512-5YfKeeI8qWfBZIX+u2xZC3Zlb3Os/gLS2sbEKM+I4ZOcsWmHS2WLysCcQZDAFRslDUU5Oiq44gf6PYN1vGwG5A==}
    engines: {node: '>=18'}
    cpu: [arm64]
    os: [android]

  '@esbuild/android-arm@0.28.2':
    resolution: {integrity: sha512-kXXoiPVVGQcnIYGOeaovwOURpniDBpSq4A03qkQ+BMQqtGG6HYap3xne9C1O1yo4TR3qxlCX5IqqmX6fFo2Lqg==}
    engines: {node: '>=18'}
    cpu: [arm]
    os: [android]

  '@esbuild/android-x64@0.28.2':
    resolution: {integrity: sha512-O387ite7SzUyCcy3JQX4P4bLtEA7bLLkx+esve5JHnyYfNTxcVpXZo9jhdB0lTKN44gztELTdU7nS8Nr16Fs1Q==}
    engines: {node: '>=18'}
    cpu: [x64]
    os: [android]

  '@esbuild/darwin-arm64@0.28.2':
    resolution: {integrity: sha512-n4KqkOQrraxHJcgjM1RvwbigfQKIKJVpM7xp+KsxiyUSrRdIXnt73VhrPAx0fV44hgfmIVKjxMN9J1t5jySVkw==}
    engines: {node: '>=18'}
    cpu: [arm64]
    os: [darwin]

  '@esbuild/darwin-x64@0.28.2':
    resolution: {integrity: sha512-uq6suIWYP37qzGddBKPw5QEQPi6HiLGsO7UmkpfyaYNQ3D+rN6w6WfwH+nuqcGXWvawGwxOEroO4YGnFh95azw==}
    engines: {node: '>=18'}
    cpu: [x64]
    os: [darwin]

  '@esbuild/freebsd-arm64@0.28.2':
    resolution: {integrity: sha512-n+I0BTSRIoy+d6RPKnEVwql5UwBJolytvY4mAOIEJorKlqgPII8ix6slVVrfZ5Tnj7glIZvloylbB/EJPMWEXw==}
    engines: {node: '>=18'}
    cpu: [arm64]
    os: [freebsd]

  '@esbuild/freebsd-x64@0.28.2':
    resolution: {integrity: sha512-78XJTJkvPs0kz2w61301PJjXl4g7q3JqiYMZ/M/yVI73EHBrCRTgkhu9oqG7vPqq+a/yadEW8aD+agKlk5xrmg==}
    engines: {node: '>=18'}
    cpu: [x64]
    os: [freebsd]

  '@esbuild/linux-arm64@0.28.2':
    resolution: {integrity: sha512-pW4AC0P3it8c7do9MVM4p51FzHzdM/TZrerurgRcHJ2WTa1VQ1CIq18xncfpBJw4ojkiZZrKW2yIBWBP92j6Ug==}
    engines: {node: '>=18'}
    cpu: [arm64]
    os: [linux]

  '@esbuild/linux-arm@0.28.2':
    resolution: {integrity: sha512-XlDnu2q5yoqems+xay6wSAcg9DDD7K9RLKZEBOMZm3ckNpJBvOX20tSfby8KfrrhINDyv9V2YVZKY/SpoGJI8w==}
    engines: {node: '>=18'}
    cpu: [arm]
    os: [linux]

  '@esbuild/linux-ia32@0.28.2':
    resolution: {integrity: sha512-CYbnj78HsIeA+DhgUKgFCfvNsTHFhMMrinUrMZpDXJXKN8T3XViTZ/+wtHeVxEWY8ewSzTFN+nRmSwO2tZaLUQ==}
    engines: {node: '>=18'}
    cpu: [ia32]
    os: [linux]

  '@esbuild/linux-loong64@0.28.2':
    resolution: {integrity: sha512-buwkd8nsph4R+ajRvw0qM5Hja/TXQow3ptzWO2EbG/cqcIkHloRrdlBtQlshyYGTNFvfkfJ5tpPLVkY4DtsPfQ==}
    engines: {node: '>=18'}
    cpu: [loong64]
    os: [linux]

  '@esbuild/linux-mips64el@0.28.2':
    resolution: {integrity: sha512-ZVykbDyk7519VwiNb9Lcj9m8XM6v5V9uKPvrEMkkEedVewf+0itkhahp4HDpgERXhwLRpWFypsGbG/J8s0QjJA==}
    engines: {node: '>=18'}
    cpu: [mips64el]
    os: [linux]

  '@esbuild/linux-ppc64@0.28.2':
    resolution: {integrity: sha512-CAXl+Dtd9UUuJd8pKKdwh6MLm3MUMiqMPmhZ3tTSXPqfyQ3vDl6R5hZdZ/kYojK4ofXtdfSv1tFq8XzWx3heNQ==}
    engines: {node: '>=18'}
    cpu: [ppc64]
    os: [linux]

  '@esbuild/linux-riscv64@0.28.2':
    resolution: {integrity: sha512-GeXCej4IQtU1B+QlDV8W/RRvbzI3O/Stss+/bCXv4lZls5WGRtu2a+3JkA3i4qIUlMXpcHebWpF8AkJhATowuA==}
    engines: {node: '>=18'}
    cpu: [riscv64]
    os: [linux]

  '@esbuild/linux-s390x@0.28.2':
    resolution: {integrity: sha512-3H1weTYZPxt/WOhByszQZybS9w5lKzUn1FDMsgEChbHWQwHYQQRfBxgCcZvPhjHfKyJjIievvMmEUawJrdY9Dg==}
    engines: {node: '>=18'}
    cpu: [s390x]
    os: [linux]

  '@esbuild/linux-x64@0.28.2':
    resolution: {integrity: sha512-4xTZr1FUmSoQW4XIWmit3tzQrUTZM+N3P0XV8xROKYF50XfI7xeO90+1bZvNwxIufQ9hDQVRJH5YhgPVF8A/HQ==}
    engines: {node: '>=18'}
    cpu: [x64]
    os: [linux]

  '@esbuild/netbsd-arm64@0.28.2':
    resolution: {integrity: sha512-sSATRjPeDBg3pdgHoQfoYBob11Kk1FGa9lui5RIHZCoCkJa9QKlvl3/vKz2usCmYYjs7ymJR/2Nnsqe+Hjt5nw==}
    engines: {node: '>=18'}
    cpu: [arm64]
    os: [netbsd]

  '@esbuild/netbsd-x64@0.28.2':
    resolution: {integrity: sha512-lqnzCV+mM0gIADaKihiCg6ifgfU2L3h5E33rNQBN1Y4MaVGnzryzmvvf7UHxprpQdE8hpqLolJ9Rl+SkIRDpyw==}
    engines: {node: '>=18'}
    cpu: [x64]
    os: [netbsd]

  '@esbuild/openbsd-arm64@0.28.2':
    resolution: {integrity: sha512-AL2qJILH7lNjrDmCQDvdxMfAUIv8KMNZOvrwAQ8i8//ntL9FflhOyMJ8OZSMBb8/AWXe3/5v5S20y3zCoZWKoQ==}
    engines: {node: '>=18'}
    cpu: [arm64]
    os: [openbsd]

  '@esbuild/openbsd-x64@0.28.2':
    resolution: {integrity: sha512-QtiuPytchRyC4rwUKhexJdQKvDuZ6hWloi3igqPQNUJCS1/v9EiO3UTOXR6A3FoMo4fnAKbWJdqaIwhOzh8qEw==}
    engines: {node: '>=18'}
    cpu: [x64]
    os: [openbsd]

  '@esbuild/openharmony-arm64@0.28.2':
    resolution: {integrity: sha512-WkhYDmpTjLvGlScA1rwjRUmhl4k8oXR3cIbtqWmELgU/dFeHHlEllxDvdWcNJV9rbzCexB5vz8gtNewWLgCT7Q==}
    engines: {node: '>=18'}
    cpu: [arm64]
    os: [openharmony]

  '@esbuild/sunos-x64@0.28.2':
    resolution: {integrity: sha512-GPMSkTOtMnv2U2F8gxe4Io6qmVs+YKyp832Etqqxr0hFngmXQ3rzwytelm3GIn7T4VviRUlf3sOgBOiTdvaf7g==}
    engines: {node: '>=18'}
    cpu: [x64]
    os: [sunos]

  '@esbuild/win32-arm64@0.28.2':
    resolution: {integrity: sha512-PIhhEkE9uPBleRBrQEJpUn7MBnibZzbGzYWPmY3x+YoVg/95zbjB4CxPPOQ8l5tYYM4mMaCthF8/1DIfBQQyWQ==}
    engines: {node: '>=18'}
    cpu: [arm64]
    os: [win32]

  '@esbuild/win32-ia32@0.28.2':
    resolution: {integrity: sha512-YmJbfTlvU7Sdn9BB+4PRES4oB6pxgS37MAONj+hBr/cpXS1aBPKXxNnDbu+QCWPj0o9dgyxeq79g6c5P8KeuYA==}
    engines: {node: '>=18'}
    cpu: [ia32]
    os: [win32]

  '@esbuild/win32-x64@0.28.2':
    resolution: {integrity: sha512-5ebpxr3nWMzrL/rnUI755Jkuee0bHL/Gq0WTF9lvcpv73wAp5eu8MfBUgWK9bhWvZjj7yX8etf/8tI8Ney695g==}
    engines: {node: '>=18'}
    cpu: [x64]
    os: [win32]

  '@floating-ui/core@1.8.0':
    resolution: {integrity: sha512-0CIZ5itps/8x7BG8dEIhs53BvCUH2PCoogtakwRTut+Arm58sJooJ0AuZhLw2HJYIR5cMLNPBSS728sPho2khQ==}

  '@floating-ui/dom@1.8.0':
    resolution: {integrity: sha512-yXSrzeHZBTZadLOlfyhCkJHNeLJnHRnRInwdZ40L7ZiaAtrBwoYlsDrX3v5zB1Utk7CLfzcOVnVVWoXEky7Ceg==}

  '@floating-ui/utils@0.2.12':
    resolution: {integrity: sha512-HpCo8tmWzLVad5s2d19EhAz5zqrrQ6s69qd6moPMQvkOuSwDT1YgRfWSVuc4ennqrgv3OHppiOGMQ7oC13yIww==}

  '@internationalized/date@3.12.3':
    resolution: {integrity: sha512-fuLX+3ZKLsxI73y8b01EG/WjHb6gE6weCqlfawPO27kBWGMh9G1yH6Csv1uU7/cac9H2GHmOMt6CjmuQ1aia4Q==}

  '@jridgewell/gen-mapping@0.3.13':
    resolution: {integrity: sha512-2kkt/7niJ6MgEPxF0bYdQ6etZaA+fQvDcLKckhy1yIQOzaoKjBBjSj63/aLVjYE3qhRt5dvM+uUyfCg6UKCBbA==}

  '@jridgewell/remapping@2.3.5':
    resolution: {integrity: sha512-LI9u/+laYG4Ds1TDKSJW2YPrIlcVYOwi2fUC6xB43lueCjgxV4lffOCZCtYFiH6TNOX+tQKXx97T4IKHbhyHEQ==}

  '@jridgewell/resolve-uri@3.1.2':
    resolution: {integrity: sha512-bRISgCIjP20/tbWSPWMEi54QVPRZExkuD9lJL+UIxUKtwVJA8wW1Trb1jMs1RFXo1CBTNZ/5hpC9QvmKWdopKw==}
    engines: {node: '>=6.0.0'}

  '@jridgewell/sourcemap-codec@1.6.0':
    resolution: {integrity: sha512-T7jf+5zgsZHwNJ4lvQ7/aezbyk0nNX+zJVWpmHA7VYsEx7a7qr5Rg5IbtJFqkgze5Y2sruq1RUY8Q837Od7iFw==}

  '@jridgewell/trace-mapping@0.3.31':
    resolution: {integrity: sha512-zzNR+SdQSDJzc8joaeP8QQoCQr8NuYx2dIIytl1QeBEZHJ9uW6hebsrYgbz8hJwUQao3TWCMtmfV8Nu1twOLAw==}

  '@polka/url@1.0.0-next.29':
    resolution: {integrity: sha512-wwQAWhWSuHaag8c4q/KN/vCoeOJYshAIvMQwD4GpSb3OiZklFfvAgmj0VCBBImRpuF/aFgIRzllXlVX93Jevww==}

  '@rollup/wasm-node@4.52.5':
    resolution: {integrity: sha512-ldY4tEzSMBHNwB8TfRpi7RRRjjyfKlwjdebw5pS1lu0xaY3g4RDc6ople2wEYulVOKVeH7ZJwRx0iw4pGtjMHg==}
    engines: {node: '>=18.0.0', npm: '>=8.0.0'}
    hasBin: true

  '@skeletonlabs/skeleton-common@5.0.1':
    resolution: {integrity: sha512-iOZGjme/ZVG3uwdEB66l0HAEzqn+NQnCPJ73KXpf5SVhgKq4HGVigp1JILBvLK1o1Wn2wu+Wiaiy55YzX5Hu+w==}

  '@skeletonlabs/skeleton-svelte@5.0.1':
    resolution: {integrity: sha512-SoCQIAMOcZz/PtRoPG0PI8PYA3C/daJh5SZG54yUQj2CyK8sIziyiyKjrhpnRNx6+L1kQtkvIvJXScYep1e/dw==}
    peerDependencies:
      svelte: ^5.40.0

  '@skeletonlabs/skeleton@5.0.1':
    resolution: {integrity: sha512-WozocxlhoeJdo60qnY+JvvpVqyfV5AsB4PrBisAcIcMIMXMbXfI8a5JJ7KbqfONVjBl1AtRTqdFW6g3dBOlsIg==}
    peerDependencies:
      tailwindcss: ^4.0.0

  '@standard-schema/spec@1.1.0':
    resolution: {integrity: sha512-l2aFy5jALhniG5HgqrD6jXLi/rUWrKvqN/qJx6yoJsgKhblVd+iqqU4RCXavm/jPityDo5TCvKMnpjKnOriy0w==}

  '@sveltejs/acorn-typescript@1.0.13':
    resolution: {integrity: sha512-wgKggnhZVL9Bfx1OaKKTrYY9BFRk6C8UAkQNUcIv1+llzYrIqy+RZm5HPKzn0NpEBvTVhTqB4kQyllZywsRBRQ==}
    peerDependencies:
      acorn: ^8.9.0

  '@sveltejs/adapter-static@3.0.10':
    resolution: {integrity: sha512-7D9lYFWJmB7zxZyTE/qxjksvMqzMuYrrsyh1f4AlZqeZeACPRySjbC3aFiY55wb1tWUaKOQG9PVbm74JcN2Iew==}
    peerDependencies:
      '@sveltejs/kit': ^2.0.0

  '@sveltejs/kit@2.70.3':
    resolution: {integrity: sha512-UDvEYuZqAMbfB/oXIoqKvbKcb7YczK5zYrzmsGV1zRJk03jntwp8dXiYoIJotxAndsKvcPFtx9H1GRSKFdSHgg==}
    engines: {node: '>=18.13'}
    hasBin: true
    peerDependencies:
      '@opentelemetry/api': ^1.0.0
      '@sveltejs/vite-plugin-svelte': ^3.0.0 || ^4.0.0-next.1 || ^5.0.0 || ^6.0.0-next.0 || ^7.0.0
      svelte: ^4.0.0 || ^5.0.0-next.0
      typescript: ^5.3.3 || ^6.0.0
      vite: ^5.0.3 || ^6.0.0 || ^7.0.0-beta.0 || ^8.0.0
    peerDependenciesMeta:
      '@opentelemetry/api':
        optional: true
      typescript:
        optional: true

  '@sveltejs/load-config@0.2.3':
    resolution: {integrity: sha512-VT3qmUb8pRV2QrZjd8iAmtg8lf4W0TIjZbvXtz5MKei/q96teWZgGJyyidJzOjzZzvdq616eSRVeMYIQChUTAQ==}
    engines: {node: '>= 18.0.0'}

  '@sveltejs/vite-plugin-svelte-inspector@5.0.2':
    resolution: {integrity: sha512-TZzRTcEtZffICSAoZGkPSl6Etsj2torOVrx6Uw0KpXxrec9Gg6jFWQ60Q3+LmNGfZSxHRCZL7vXVZIWmuV50Ig==}
    engines: {node: ^20.19 || ^22.12 || >=24}
    peerDependencies:
      '@sveltejs/vite-plugin-svelte': ^6.0.0-next.0
      svelte: ^5.0.0
      vite: ^6.3.0 || ^7.0.0

  '@sveltejs/vite-plugin-svelte@6.2.4':
    resolution: {integrity: sha512-ou/d51QSdTyN26D7h6dSpusAKaZkAiGM55/AKYi+9AGZw7q85hElbjK3kEyzXHhLSnRISHOYzVge6x0jRZ7DXA==}
    engines: {node: ^20.19 || ^22.12 || >=24}
    peerDependencies:
      svelte: ^5.0.0
      vite: ^6.3.0 || ^7.0.0

  '@swc/helpers@0.5.23':
    resolution: {integrity: sha512-5lSsMOTXURePglDfvuAQUqkGek9Hg2kksOYay2m0+XR++b2NWYL/4sWyuvVBIs8oKnJaxkdi9whaL/sqN13afw==}

  '@types/cookie@0.6.0':
    resolution: {integrity: sha512-4Kh9a6B2bQciAhf7FSuMRRkUWecJgJu9nPnx3yzpsfXX/c50REIqpHY4C82bXP90qrLtXtkDxTZosYO3UpOwlA==}

  '@types/estree@1.0.8':
    resolution: {integrity: sha512-dWHzHa2WqEXI/O1E9OjrocMTKJl2mSrEolh1Iomrv6U+JuNwaHXsXx9bLu5gG7BUWFIN0skIQJQ/L1rIex4X6w==}

  '@types/estree@1.0.9':
    resolution: {integrity: sha512-GhdPgy1el4/ImP05X05Uw4cw2/M93BCUmnEvWZNStlCzEKME4Fkk+YpoA5OiHNQmoS7Cafb8Xa3Pya8m1Qrzeg==}

  '@zag-js/accordion@1.43.0':
    resolution: {integrity: sha512-Cy7jSbmFAn4mm+btHjCk0rtYEq5ggTvuLEFDdLnnEUw3SvK0H9J1hlouX5QVEybgibI2TFwk5wd8arn+hpZRnw==}

  '@zag-js/anatomy@1.43.0':
    resolution: {integrity: sha512-hcARaNvhU+jXukKCU4Gz4eXU2oUSlppi15L/MoxcckMum+Pu1HFqjWpllDgjb7RyByHYX6XfFk6ijPRV8EzPpg==}

  '@zag-js/aria-hidden@1.43.0':
    resolution: {integrity: sha512-JUPIIPbcNsWW3vbPBkGBTHiPwC1jPsiYCMptyXif73J3RQpEW2DLdjen4jl7CrolSZndhVtkAUAQSfmuvWel8Q==}

  '@zag-js/auto-resize@1.43.0':
    resolution: {integrity: sha512-qbwmMwMn6HxHgDWyF6FzWWf7yJeoWmmIPRzFbNVDg1ohMI2CpSfYqxh7LHk1bO/5C5j3pZ/0VY2j27b3szckqA==}

  '@zag-js/avatar@1.43.0':
    resolution: {integrity: sha512-9bN1OzbrfKn2bP2d+Tw3d81h5vLbCKms/CTXvdkMnX1ZP5VrD/C1Hy1TyVW/7apUoJ1nHS6/Zi1RIfb2xnF0jQ==}

  '@zag-js/carousel@1.43.0':
    resolution: {integrity: sha512-6ZOXOQHiNth+WNzAvFwzp/l8UDjLjAXHdEpHW1XjkY/6sXbpmbT7hXFqM4X9U/IuVrsnG+bF59yb0bZdrzF4DA==}

  '@zag-js/collapsible@1.43.0':
    resolution: {integrity: sha512-6AqDCYLQI/AdD4gOIlg/msQUkkvdH4WknZCm4dCgJ2v9sRPu7QcCSN83Y/k/PTQqv02V4pVSRQHVHzLosGjShw==}

  '@zag-js/collection@1.43.0':
    resolution: {integrity: sha512-5B/K12/z146o2tMY26HKFwG+faEAhp8+lMX2XnyOEh8y4LRUBNBt6znwxNU+YrLHrhb6i3lIEaHRcfSvkglEJQ==}

  '@zag-js/combobox@1.43.0':
    resolution: {integrity: sha512-fpK19QSZtxlZQp5Zwql3mXFzXoJMVAy/3FJ7p1VQex3ZyezpZK4X3ThRdfxupOEmFst1HmtRtlGLqJXNVFEIsg==}

  '@zag-js/core@1.43.0':
    resolution: {integrity: sha512-iIpTu/U1OHKXGjXq/bn/ek32nIKE0lmS2gLdihYmv1jtPXH8hVHaIOXR5KYGfOjMVb4+FiMMCZHlH9MWbLk2iA==}

  '@zag-js/date-picker@1.43.0':
    resolution: {integrity: sha512-pusQ1SYXJ5ffCLMoVLddxfef+nbAzhndZ6mvZLDNK2QAgFymqZ6Imo4kYC3nJ2r6yGKu9KjRQKZM4hzZNhMT1g==}
    peerDependencies:
      '@internationalized/date': '>=3.0.0'

  '@zag-js/date-utils@1.43.0':
    resolution: {integrity: sha512-DdiyAjpK3ct4IkttSSvkkoSE3QKa2iQx4KjR/DILl1FIuXltlZQIqxf8nlIsArHERcQPioqnv//8GEPo+EO3Cg==}
    peerDependencies:
      '@internationalized/date': '>=3.0.0'

  '@zag-js/dialog@1.43.0':
    resolution: {integrity: sha512-CuJo+w6ZSfZqaK4+Cqm+rX++/8W1LkU3lnR4ojtFzAZkA9JTruuXOgQ3Q9M9mRj5SBk5cqBRt6uCN1SaS7Ku4g==}

  '@zag-js/dismissable@1.43.0':
    resolution: {integrity: sha512-bf19aG9iLxwivpC+lntS2Lzkr4OB73zzPJWI21eIeyMDOX5+QDAZEX9gwNZRKYh1AkEq/oVHYWu71aZKNmdR8w==}

  '@zag-js/dom-query@1.43.0':
    resolution: {integrity: sha512-yQDR00jJj0tgrRH43QJx7NtQH+EBxQtEdFKMzG7c88xL1ZRtqXYpqNNSmCuGj5RTsEceQjEhAxeTJikUYp9M0g==}

  '@zag-js/file-upload@1.43.0':
    resolution: {integrity: sha512-3DoyQ+NRWkYYNbKFyuK60Ral5P7Fd+58YPDIQTX2RgjGgGzMzkfGMQWmLdGUe+aISHPjuNU6/iH1+MGhC+xwVg==}

  '@zag-js/file-utils@1.43.0':
    resolution: {integrity: sha512-ddt5UBU1pecmiUQbWe9xymcyBop8gGCcYXRautsqPz6aAHA82O9UvJ7/FxLr6qvXQO8fmYaPsIRR4342NahIZw==}

  '@zag-js/floating-panel@1.43.0':
    resolution: {integrity: sha512-m/D+ymocdP8a+02KdWuATHIcCvRaUip3vtITnXzQHL8uZ03gpCrMk120q3GkbxhPYssPanluHEh7FgygJUf0Kg==}

  '@zag-js/focus-trap@1.43.0':
    resolution: {integrity: sha512-6JApoRanDOcrfQBd7pz/rp2YxdtBmIjRenH9+1tKscbtXRJLWUGZTtr2QiCHCkyRKZdi7kyo7309HTzM62n+OA==}

  '@zag-js/focus-visible@1.43.0':
    resolution: {integrity: sha512-1CDA2BZ9k6E6DozNjpTmt+i68HuDAvME2pbqtC+aM7woJK9SuHAXA82qyz//NnaOQnXKQMAOigumfS3fguNswQ==}

  '@zag-js/i18n-utils@1.43.0':
    resolution: {integrity: sha512-HSjdmTziCUuc+DkUDO/3oV8X6zynr4wactlyqnQfNNfgaWDTYY9dJRWJ12ILhTjtasNSDENxBlhuEdDmOwDisQ==}

  '@zag-js/interact-outside@1.43.0':
    resolution: {integrity: sha512-mQ/6HT6Tn99H4l7u7FaxvXirE4wYenlZFuFkR0qXGRaR7bDRUeWm3dJKcV0Ex3gwcs+G5Z0ZdvA++VBfVh+WUg==}

  '@zag-js/listbox@1.43.0':
    resolution: {integrity: sha512-gNO10K9yffPjkXILP91R8uU/o8Tgw0CzpbBPiVp6IF0dA/3A0Nb7fijJBlYL/s11F/5CDjnuiAWHpENv41+AUw==}

  '@zag-js/live-region@1.43.0':
    resolution: {integrity: sha512-8lUL9+Z34416bXyS/1sorU1sbICcgktp653PVXZ43kmzbUefl6WMTwTYuxULGklRrFX7vOLQebJ8qw9Bdf2xFw==}

  '@zag-js/marquee@1.43.0':
    resolution: {integrity: sha512-PsQgqfNFBdZTUvQ61jYPbQTMrSl/MhBzJOyLe01iU2A9As6+Oi0b4a23jLAUAo5B2Cd1ejXbJDkzFadqaWkXAA==}

  '@zag-js/menu@1.43.0':
    resolution: {integrity: sha512-Sox9be5JdAYnsZHj1esbXH2J9in/EL/bbbMG1+MFcHPV57TjsI0HyT5ETT3WeeATrY5h45Z7gHYhJkRkHKZxWA==}

  '@zag-js/pagination@1.43.0':
    resolution: {integrity: sha512-ccm/erPTk8B0mygMFuEiHRkomp7gtTlTJouebN0H0dTQ8tvyOrap4mvpUknme/KOJpzs7zlSSnoqZh3sNyxJxg==}

  '@zag-js/popover@1.43.0':
    resolution: {integrity: sha512-/4fXaOxcKsYV+RbcXmT36MdsVgjFKJOQ7Bnbcd3ZrB9ygbv7L+zkuveLCbWtXd1XJB5XJG1VmMfpyoo068FSQw==}

  '@zag-js/popper@1.43.0':
    resolution: {integrity: sha512-mN69qeFpsbrnwijwbRZlgFWiBT7Aes+VMT9sLOZ5nMHQDDupbWQDqh3DCWz8Ojqp6LbDUq6uOFdA5zrLxE5rmQ==}

  '@zag-js/progress@1.43.0':
    resolution: {integrity: sha512-vGtpT6pq999MP9jPa+Tm5WuYNW45ykDJoGuLQSZvPt5dAZq2e+Ucr8pJMQHVdiP5wmIqNBa1BuuNNAZi4lHYLA==}

  '@zag-js/qr-code@1.43.0':
    resolution: {integrity: sha512-rVGdbu1vtZW0YMw8PvSKvBEsSrPp6QG39qHlWowOPfqJaeXB0YjSbL102xs0IpJtkDkshzdV5ATKrkqWrpkhKQ==}

  '@zag-js/radio-group@1.43.0':
    resolution: {integrity: sha512-5Y06hC2R+PHDa9Hxu+sAVyCm89fmjA5tLHEFFS4ZdwqSqc9dO42EEwSeneC7ZB3uqDKTfHgL/L6/Bw2vrzg9fw==}

  '@zag-js/rating-group@1.43.0':
    resolution: {integrity: sha512-6gb8tAR/RRD9Lj8BuGVtAopuAGVHJqxXXUH7/39KbH0HCEa53YKf04Y2vCqNNfWBuay5wtcqC80k88rfiR5Dtw==}

  '@zag-js/rect-utils@1.43.0':
    resolution: {integrity: sha512-Cj4Y9trhY4+NpVN74dkLb5ZOkLFieypnIRFvOovo0JrexZ/wtj1srG9Y35zWgBsmWDTkvp9bexdFg0rggPcNGQ==}

  '@zag-js/remove-scroll@1.43.0':
    resolution: {integrity: sha512-2cE7yS3G6JffdlKMzECDQm2ro3mAqWf2ovSylFcsHh/xLx4RIgtv3EivJrNTcr1d+H0YF2/uVyDuUwYlycWNsQ==}

  '@zag-js/scroll-snap@1.43.0':
    resolution: {integrity: sha512-nLvza7HlprDzrmSMRzRE3uv6xDm7Yh66tqkea88YYs/hgLk397jxEOFgHUuo8tGoahKQkCdJrppg+cuwmrIEoQ==}

  '@zag-js/slider@1.43.0':
    resolution: {integrity: sha512-1wiR7pwjTkQKivJxI+9agXTHdJExuTM7ohujJY204lcAMgUO4QzQADWrpSyARL9DmJTOFE8fYXbg9XNeP1gyHA==}

  '@zag-js/steps@1.43.0':
    resolution: {integrity: sha512-73L0E/1x2wzHcQ1EisQj6y2TwIgIA39DwuFcvTluWg07P49oAtrhw7qw5KxqS7+GlSSWO4ZV1/yHEm5289qkyA==}

  '@zag-js/store@1.43.0':
    resolution: {integrity: sha512-Q6b6vbAbIGDkXO1sGoM+hjOP2BL6uHIMX3MUhpjFpIZ6qhkxU+iRa8bCGU7xYT2vRyEMlN5NUU77PjoITpSwRg==}

  '@zag-js/svelte@1.43.0':
    resolution: {integrity: sha512-gzDR6OYwOtRgN5rDpGLW5v2odwX8OQpzN7cXLlBA6UtEULhurZp2Fh4VaUTxYBREfmit0l2fuBZiom0W0Cm7RA==}
    peerDependencies:
      svelte: '>=5'

  '@zag-js/switch@1.43.0':
    resolution: {integrity: sha512-WH6i+0H9l7iIg7gYlcq5EcbJpwBjdYgxxFOGqyr04+q2WV46ytEnkW+iu61TVFr9vpE75wgtkLEG/gc080Y/zw==}

  '@zag-js/tabs@1.43.0':
    resolution: {integrity: sha512-Nll5xQUPGOdVTYd+DYGA3wF+0xlJc+kRmQoAuE5ZHIsLuJrXn9jhRwkmQHL2rh/lln3cT9Ecp4UDWl/qyqBecQ==}

  '@zag-js/tags-input@1.43.0':
    resolution: {integrity: sha512-2qX3htVoJnrxOyF0x1O0QPYk0GFTNOw6Kw9pkO9bfUbs92TggCDZXsW/8N2vsMr6eAKo31jrQLcS4K1w7zmiig==}

  '@zag-js/toast@1.43.0':
    resolution: {integrity: sha512-T2bChbXQXfYCk8Kw4NYqoybRBN1z3XL2HnpzRe1zRyNQ/Q9RfnUsU492P+sl8IlLB2nchNKgN2BCg/UacffSYQ==}

  '@zag-js/toggle-group@1.43.0':
    resolution: {integrity: sha512-KFfmv5YloBaRTqPgmhZ2uootzUheuj/aO6lro6CsCB8njBR7vSTCp1ur5DFyq/dNSaSpasthr9UKXKdkBbFhIQ==}

  '@zag-js/tooltip@1.43.0':
    resolution: {integrity: sha512-gZNsKXI4gVbQkuGUgVzz0hHbD0fU/aBxrDlD//zXtoAicmIBTic4dw+kRqpPKNNEetD9XuoKlbJ0xNbbNxgatw==}

  '@zag-js/tree-view@1.43.0':
    resolution: {integrity: sha512-8oH76vTIzauKlaWUpNmQx/XimE7VX2gqWoW4BqcWIzIPBzBGgwfJQw7z4NfPn/Cv+9iFefb2DY0GytaGGJWxyw==}

  '@zag-js/types@1.43.0':
    resolution: {integrity: sha512-pheZyCiVjJaXBzbfoj/gMKXkZUo1D5JWd46QVYWonHJZIdUfDRDwBvDKcXGIHmpuq7fJrnGXbegAk0+D2aa4bw==}

  '@zag-js/utils@1.43.0':
    resolution: {integrity: sha512-ZxkL+AuKRv/UGmmp5iZwmzfcVV7iWiDIrhYiMrKDKPJGdIPIFpMOisM+bTKYVkvn0jmCZV0CTF0jJm29hEV+LQ==}

  acorn@8.18.0:
    resolution: {integrity: sha512-lGq+9yr1/GuAWaVYIHRjvvySG5/4VfKIvC8EWxStPdcDh/Ka7FG3twP6v4d5BkravUilhIAsG4Qj83t02LWUPQ==}
    engines: {node: '>=0.4.0'}
    hasBin: true

  aria-query@5.3.1:
    resolution: {integrity: sha512-Z/ZeOgVl7bcSYZ/u/rh0fOpvEpq//LZmdbkXyc7syVzjPAhfOa9ebsdTSjEBDU4vs5nC98Kfduj1uFo0qyET3g==}
    engines: {node: '>= 0.4'}

  axobject-query@4.1.0:
    resolution: {integrity: sha512-qIj0G9wZbMGNLjLmg1PT6v2mE9AH2zlnADJD/2tC6E00hgmhUOfEB6greHPAfLRSufHqROIUTkw6E+M3lH0PTQ==}
    engines: {node: '>= 0.4'}

  chokidar@4.0.3:
    resolution: {integrity: sha512-Qgzu8kfBvo+cA4962jnP1KkS6Dop5NS6g7R5LFYJr4b8Ub94PPQXUksCw9PvXoeXPRRddRNC5C1JQUR2SMGtnA==}
    engines: {node: '>= 14.16.0'}

  clsx@2.1.1:
    resolution: {integrity: sha512-eYm0QWBtUrBWZWG0d386OGAw16Z995PiOVo2B7bjWSbHedGl5e0ZWaq65kOGgUSNesEIDkB9ISbTg/JK9dhCZA==}
    engines: {node: '>=6'}

  cookie@0.6.0:
    resolution: {integrity: sha512-U71cyTamuh1CRNCfpGY6to28lxvNwPG4Guz/EVjgf3Jmzv0vlDp1atT9eS5dDjMYHucpHbWns6Lwf3BKz6svdw==}
    engines: {node: '>= 0.6'}

  csstype@3.2.3:
    resolution: {integrity: sha512-z1HGKcYy2xA8AGQfwrn0PAy+PB7X/GSj3UVJW9qKyn43xWa+gl5nXmU4qqLMRzWVLFC8KusUX8T/0kCiOYpAIQ==}

  deepmerge@4.3.1:
    resolution: {integrity: sha512-3sUqbMEc77XqpdNO7FRyRog+eW3ph+GYCbj+rK+uYyRMuwsVy0rMiVtPn+QJlKFvWP/1PYpapqYn0Me2knFn+A==}
    engines: {node: '>=0.10.0'}

  devalue@5.9.4:
    resolution: {integrity: sha512-sPAT4pztbu6586/hrhOnMKS17IJrvg12mXiSPSS3W5qDeN2RGgvZ0diZCm31dBbnevfVmujNO3IM2wrS4Y2Rhg==}

  esbuild@0.28.2:
    resolution: {integrity: sha512-HKVLS8dvII+xoKW9kmqxbRKrnWEXfJJr/FZhhJmiqIB0e053QNYFqOBouTMO/k5sID4MvCiUCvv8b9M4h32wIA==}
    engines: {node: '>=18'}
    hasBin: true

  esm-env@1.2.2:
    resolution: {integrity: sha512-Epxrv+Nr/CaL4ZcFGPJIYLWFom+YeV1DqMLHJoEd9SYRxNbaFruBwfEX/kkHUJf55j2+TUbmDcmuilbP1TmXHA==}

  esrap@2.4.0:
    resolution: {integrity: sha512-CQPcneEHw/czj32uwQC52nYnax8H4SXt25FCM+LIwGZ49cMIxpOj3bP8wmzcI+Z0HIy5KkClaPhRLfCySzwHPA==}
    peerDependencies:
      '@typescript-eslint/types': ^8.2.0
    peerDependenciesMeta:
      '@typescript-eslint/types':
        optional: true

  fdir@6.5.0:
    resolution: {integrity: sha512-tIbYtZbucOs0BRGqPJkshJUYdL+SDH7dVM8gjy+ERp3WAUjLEFJE+02kanyHtwjWOnwrKYBiwAmM0p4kLJAnXg==}
    engines: {node: '>=12.0.0'}
    peerDependencies:
      picomatch: ^3 || ^4
    peerDependenciesMeta:
      picomatch:
        optional: true

  fsevents@2.3.3:
    resolution: {integrity: sha512-5xoDfX+fL7faATnagmWPpbFtwh/R77WmMMqqHGS65C3vvB0YHrgF+B1YmZ3441tMj5n63k0212XNoJwzlhffQw==}
    engines: {node: ^8.16.0 || ^10.6.0 || >=11.0.0}
    os: [darwin]

  is-reference@3.0.3:
    resolution: {integrity: sha512-ixkJoqQvAP88E6wLydLGGqCJsrFUnqoH6HnaczB8XmDH1oaWU+xxdptvikTgaEhtZ53Ky6YXiBuUI2WXLMCwjw==}

  jiti@2.7.0:
    resolution: {integrity: sha512-AC/7JofJvZGrrneWNaEnJeOLUx+JlGt7tNa0wZiRPT4MY1wmfKjt2+6O2p2uz2+skll8OZZmJMNqeke7kKbNgQ==}
    hasBin: true

  kleur@4.1.5:
    resolution: {integrity: sha512-o+NO+8WrRiQEE4/7nwRJhN1HWpVmJm511pBHUxPLtp0BUISzlBplORYSmTclCnJvQq2tKu/sgl3xVpkc7ZWuQQ==}
    engines: {node: '>=6'}

  locate-character@3.0.0:
    resolution: {integrity: sha512-SW13ws7BjaeJ6p7Q6CO2nchbYEc3X3J6WrmTTDto7yMPqVSZTUyY5Tjbid+Ab8gLnATtygYtiDIJGQRRn2ZOiA==}

  magic-string@0.30.21:
    resolution: {integrity: sha512-vd2F4YUyEXKGcLHoq+TEyCjxueSeHnFxyyjNp80yg0XV4vUhnDer/lvvlqM/arB5bXQN5K2/3oinyCRyx8T2CQ==}

  mri@1.2.0:
    resolution: {integrity: sha512-tzzskb3bG8LvYGFF/mDTpq3jpI6Q9wc3LEmBaghu+DdCssd1FakN7Bc0hVNmEyGq1bq3RgfkCb3cmQLpNPOroA==}
    engines: {node: '>=4'}

  mrmime@2.0.1:
    resolution: {integrity: sha512-Y3wQdFg2Va6etvQ5I82yUhGdsKrcYox6p7FfL1LbK2J4V01F9TGlepTIhnK24t7koZibmg82KGglhA1XK5IsLQ==}
    engines: {node: '>=10'}

  nanoid@3.3.20:
    resolution: {integrity: sha512-uKdg2G3GNCKQn9byYOpxbGqrT2fGO5KRt5J/8b3pok8rT6qxGWF6hxMyJiEYtAf+FVyYuD9hRaDqX5uPFYJ4ZQ==}
    engines: {node: ^10 || ^12 || ^13.7 || ^14 || >=15.0.1}
    hasBin: true

  obug@2.2.1:
    resolution: {integrity: sha512-XrsrhT5sybtKI6wakr2SPOlGZWWYbUXZ7a0jT8/QOeAPau+1X/bSegNe5YR75oJmEZQbKningirmGOEJCIk61Q==}
    engines: {node: '>=12.20.0'}

  picocolors@1.1.1:
    resolution: {integrity: sha512-xceH2snhtb5M9liqDsmEw56le376mTZkEX/jEb/RxNFyegNul7eNslCXP9FDj/Lcu0X8KEyMceP2ntpaHrDEVA==}

  picomatch@4.0.7:
    resolution: {integrity: sha512-qcJu88Q2IWqJsDD529JKMdwGm/dvInW4HvQnRwiH9JtihJvzGOscDtHE3x1pBKeUOTysQ8kVmLnJ2kJu7yhcGA==}
    engines: {node: '>=12'}

  postcss@8.5.29:
    resolution: {integrity: sha512-49cGhUbXj8Qenv0iTMxA1cFBzxXoctpC9Ujd77t1WcbJIr6nF/eI7g/8MgxrYldFRuAXvja7xQRwavoW7kgrxQ==}
    engines: {node: ^10 || ^12 || >=14}

  proxy-compare@3.0.1:
    resolution: {integrity: sha512-V9plBAt3qjMlS1+nC8771KNf6oJ12gExvaxnNzN/9yVRLdTv/lc+oJlnSzrdYDAvBfTStPCoiaCOTmTs0adv7Q==}

  proxy-memoize@3.0.1:
    resolution: {integrity: sha512-VDdG/VYtOgdGkWJx7y0o7p+zArSf2383Isci8C+BP3YXgMYDoPd3cCBjw0JdWb6YBb9sFiOPbAADDVTPJnh+9g==}

  readdirp@4.1.2:
    resolution: {integrity: sha512-GDhwkLfywWL2s6vEjyhri+eXmfH6j1L7JE27WhqLeYzoh/A3DBaYGEj2H/HFZCn/kMfim73FXxEJTw06WtxQwg==}
    engines: {node: '>= 14.18.0'}

  sade@1.8.1:
    resolution: {integrity: sha512-xal3CZX1Xlo/k4ApwCFrHVACi9fBqJ7V+mwhBsuf/1IOKbBy098Fex+Wa/5QMubw09pSZ/u8EY8PWgevJsXp1A==}
    engines: {node: '>=6'}

  set-cookie-parser@3.1.2:
    resolution: {integrity: sha512-5/r/lTwbJ3zQ+qwdUFZYeRNqda7P5HD8zQKqlSjdGt1/S0cjLAphHusj4Y58ahDtWn/g32xrIS58/ikOvwl0Lw==}

  sirv@3.0.2:
    resolution: {integrity: sha512-2wcC/oGxHis/BoHkkPwldgiPSYcpZK3JU28WoMVv55yHJgcZ8rlXvuG9iZggz+sU1d4bRgIGASwyWqjxu3FM0g==}
    engines: {node: '>=18'}

  source-map-js@1.2.2:
    resolution: {integrity: sha512-KGj/8Y43x35aZVDtt+J4mK1hoLGHULMYfSkODJNQjNDC3oW1PqPoxMwo0pLUsWM/UEGzON/NxeHywEfNXNP3Vw==}
    engines: {node: '>=0.10.0'}

  svelte-check@4.7.6:
    resolution: {integrity: sha512-t2scM//ZuVbSY/T2w6FSBw1v9s2NEmh/g+sy1lqtosW5ylBV5AF4wFb1Ts9Kf3MbfPDUDJDZ9L436YT0SPTdvw==}
    engines: {node: '>= 18.0.0'}
    hasBin: true
    peerDependencies:
      svelte: ^4.0.0 || ^5.0.0-next.0
      typescript: ^5.0.0 || ^6.0.0

  svelte@5.57.1:
    resolution: {integrity: sha512-Uqj49lWKB+iSSnneuwiYYJ7MZgkB+eXr0LXBhv4uDuAkXqnWmq65Sxflfvp0Lc6MdKjMUxGaeOKWJqz5SNiVIA==}
    engines: {node: '>=18'}

  tailwindcss@4.3.3:
    resolution: {integrity: sha512-gOhV3P7ufE62QDGg1zVaTgCR+EtPv92k2nIhVcVKcLmxT1sUBsQGhnZj175j+MqRt4zLF7ic+sCYjfhxMxj7YQ==}

  tinyglobby@0.2.17:
    resolution: {integrity: sha512-wXR/dYpcqKmfWpEdZjiKJOwCNFndD0DMnrW/cYjVGttEkBfVgcLFHoNrlj47mjOVic9yyNu65alsgF4NQyTa2g==}
    engines: {node: '>=12.0.0'}

  totalist@3.0.1:
    resolution: {integrity: sha512-sf4i37nQ2LBx4m3wB74y+ubopq6W/dIzXg0FDGjsYnZHVa1Da8FH853wlL2gtUhg+xJXjfk3kUZS3BRoQeoQBQ==}
    engines: {node: '>=6'}

  tslib@2.8.1:
    resolution: {integrity: sha512-oJFu94HQb+KVduSUQL7wnpmqnfmLsOA/nAh6b6EH0wCEoK0/mPeXU6c3wKDV83MkOuHPRHtSXKKU99IBazS/2w==}

  typescript@5.9.3:
    resolution: {integrity: sha512-jl1vZzPDinLr9eUt3J/t7V6FgNEw9QjvBPdysz9KfQDD41fQrC2Y4vKQdiaUpFT4bXlb1RHhLpp8wtm6M5TgSw==}
    engines: {node: '>=14.17'}
    hasBin: true

  uqr@0.1.3:
    resolution: {integrity: sha512-0rjE8iEJe4YmT9TOhwsZtqCMRLc5DXZUI2UEYUUg63ikBkqqE5EYWaI0etFe/5KUcmcYwLih2RND1kq+hrUJXA==}

  vite@7.3.6:
    resolution: {integrity: sha512-4XP60spRGjSZFf1qYH+dJIkK2znL3zQfl9KkOV9MkkRR/3Dls0dxaBsQPTloEc5BLXWPL9vsOxopxyKoMmDueg==}
    engines: {node: ^20.19.0 || >=22.12.0}
    hasBin: true
    peerDependencies:
      '@types/node': ^20.19.0 || >=22.12.0
      jiti: '>=1.21.0'
      less: ^4.0.0
      lightningcss: ^1.21.0
      sass: ^1.70.0
      sass-embedded: ^1.70.0
      stylus: '>=0.54.8'
      sugarss: ^5.0.0
      terser: ^5.16.0
      tsx: ^4.8.1
      yaml: ^2.4.2
    peerDependenciesMeta:
      '@types/node':
        optional: true
      jiti:
        optional: true
      less:
        optional: true
      lightningcss:
        optional: true
      sass:
        optional: true
      sass-embedded:
        optional: true
      stylus:
        optional: true
      sugarss:
        optional: true
      terser:
        optional: true
      tsx:
        optional: true
      yaml:
        optional: true

  vitefu@1.1.3:
    resolution: {integrity: sha512-ub4okH7Z5KLjb6hDyjqrGXqWtWvoYdU3IGm/NorpgHncKoLTCfRIbvlhBm7r0YstIaQRYlp4yEbFqDcKSzXSSg==}
    peerDependencies:
      vite: ^3.0.0 || ^4.0.0 || ^5.0.0 || ^6.0.0 || ^7.0.0 || ^8.0.0
    peerDependenciesMeta:
      vite:
        optional: true

  zimmerframe@1.1.5:
    resolution: {integrity: sha512-msJxIvYDYcoNL+PJsu+7qmpDWsYmAxTY+2TNYXXF0hzBzBk0BMecOqDOG/EckUoKCuKwObfbugIl8QpqHDXeFA==}

snapshots:

  '@esbuild/aix-ppc64@0.28.2':
    optional: true

  '@esbuild/android-arm64@0.28.2':
    optional: true

  '@esbuild/android-arm@0.28.2':
    optional: true

  '@esbuild/android-x64@0.28.2':
    optional: true

  '@esbuild/darwin-arm64@0.28.2':
    optional: true

  '@esbuild/darwin-x64@0.28.2':
    optional: true

  '@esbuild/freebsd-arm64@0.28.2':
    optional: true

  '@esbuild/freebsd-x64@0.28.2':
    optional: true

  '@esbuild/linux-arm64@0.28.2':
    optional: true

  '@esbuild/linux-arm@0.28.2':
    optional: true

  '@esbuild/linux-ia32@0.28.2':
    optional: true

  '@esbuild/linux-loong64@0.28.2':
    optional: true

  '@esbuild/linux-mips64el@0.28.2':
    optional: true

  '@esbuild/linux-ppc64@0.28.2':
    optional: true

  '@esbuild/linux-riscv64@0.28.2':
    optional: true

  '@esbuild/linux-s390x@0.28.2':
    optional: true

  '@esbuild/linux-x64@0.28.2':
    optional: true

  '@esbuild/netbsd-arm64@0.28.2':
    optional: true

  '@esbuild/netbsd-x64@0.28.2':
    optional: true

  '@esbuild/openbsd-arm64@0.28.2':
    optional: true

  '@esbuild/openbsd-x64@0.28.2':
    optional: true

  '@esbuild/openharmony-arm64@0.28.2':
    optional: true

  '@esbuild/sunos-x64@0.28.2':
    optional: true

  '@esbuild/win32-arm64@0.28.2':
    optional: true

  '@esbuild/win32-ia32@0.28.2':
    optional: true

  '@esbuild/win32-x64@0.28.2':
    optional: true

  '@floating-ui/core@1.8.0':
    dependencies:
      '@floating-ui/utils': 0.2.12

  '@floating-ui/dom@1.8.0':
    dependencies:
      '@floating-ui/core': 1.8.0
      '@floating-ui/utils': 0.2.12

  '@floating-ui/utils@0.2.12': {}

  '@internationalized/date@3.12.3':
    dependencies:
      '@swc/helpers': 0.5.23

  '@jridgewell/gen-mapping@0.3.13':
    dependencies:
      '@jridgewell/sourcemap-codec': 1.6.0
      '@jridgewell/trace-mapping': 0.3.31

  '@jridgewell/remapping@2.3.5':
    dependencies:
      '@jridgewell/gen-mapping': 0.3.13
      '@jridgewell/trace-mapping': 0.3.31

  '@jridgewell/resolve-uri@3.1.2': {}

  '@jridgewell/sourcemap-codec@1.6.0': {}

  '@jridgewell/trace-mapping@0.3.31':
    dependencies:
      '@jridgewell/resolve-uri': 3.1.2
      '@jridgewell/sourcemap-codec': 1.6.0

  '@polka/url@1.0.0-next.29': {}

  '@rollup/wasm-node@4.52.5':
    dependencies:
      '@types/estree': 1.0.8
    optionalDependencies:
      fsevents: 2.3.3

  '@skeletonlabs/skeleton-common@5.0.1': {}

  '@skeletonlabs/skeleton-svelte@5.0.1(svelte@5.57.1)':
    dependencies:
      '@internationalized/date': 3.12.3
      '@skeletonlabs/skeleton-common': 5.0.1
      '@zag-js/accordion': 1.43.0
      '@zag-js/avatar': 1.43.0
      '@zag-js/carousel': 1.43.0
      '@zag-js/collapsible': 1.43.0
      '@zag-js/collection': 1.43.0
      '@zag-js/combobox': 1.43.0
      '@zag-js/date-picker': 1.43.0(@internationalized/date@3.12.3)
      '@zag-js/dialog': 1.43.0
      '@zag-js/file-upload': 1.43.0
      '@zag-js/floating-panel': 1.43.0
      '@zag-js/i18n-utils': 1.43.0
      '@zag-js/listbox': 1.43.0
      '@zag-js/marquee': 1.43.0
      '@zag-js/menu': 1.43.0
      '@zag-js/pagination': 1.43.0
      '@zag-js/popover': 1.43.0
      '@zag-js/progress': 1.43.0
      '@zag-js/qr-code': 1.43.0
      '@zag-js/radio-group': 1.43.0
      '@zag-js/rating-group': 1.43.0
      '@zag-js/slider': 1.43.0
      '@zag-js/steps': 1.43.0
      '@zag-js/svelte': 1.43.0(svelte@5.57.1)
      '@zag-js/switch': 1.43.0
      '@zag-js/tabs': 1.43.0
      '@zag-js/tags-input': 1.43.0
      '@zag-js/toast': 1.43.0
      '@zag-js/toggle-group': 1.43.0
      '@zag-js/tooltip': 1.43.0
      '@zag-js/tree-view': 1.43.0
      svelte: 5.57.1

  '@skeletonlabs/skeleton@5.0.1(tailwindcss@4.3.3)':
    dependencies:
      tailwindcss: 4.3.3

  '@standard-schema/spec@1.1.0': {}

  '@sveltejs/acorn-typescript@1.0.13(acorn@8.18.0)':
    dependencies:
      acorn: 8.18.0

  '@sveltejs/adapter-static@3.0.10(@sveltejs/kit@2.70.3(@sveltejs/vite-plugin-svelte@6.2.4(svelte@5.57.1)(vite@7.3.6(jiti@2.7.0)))(svelte@5.57.1)(typescript@5.9.3)(vite@7.3.6(jiti@2.7.0)))':
    dependencies:
      '@sveltejs/kit': 2.70.3(@sveltejs/vite-plugin-svelte@6.2.4(svelte@5.57.1)(vite@7.3.6(jiti@2.7.0)))(svelte@5.57.1)(typescript@5.9.3)(vite@7.3.6(jiti@2.7.0))

  '@sveltejs/kit@2.70.3(@sveltejs/vite-plugin-svelte@6.2.4(svelte@5.57.1)(vite@7.3.6(jiti@2.7.0)))(svelte@5.57.1)(typescript@5.9.3)(vite@7.3.6(jiti@2.7.0))':
    dependencies:
      '@standard-schema/spec': 1.1.0
      '@sveltejs/acorn-typescript': 1.0.13(acorn@8.18.0)
      '@sveltejs/vite-plugin-svelte': 6.2.4(svelte@5.57.1)(vite@7.3.6(jiti@2.7.0))
      '@types/cookie': 0.6.0
      acorn: 8.18.0
      cookie: 0.6.0
      devalue: 5.9.4
      esm-env: 1.2.2
      kleur: 4.1.5
      magic-string: 0.30.21
      mrmime: 2.0.1
      set-cookie-parser: 3.1.2
      sirv: 3.0.2
      svelte: 5.57.1
      vite: 7.3.6(jiti@2.7.0)
    optionalDependencies:
      typescript: 5.9.3

  '@sveltejs/load-config@0.2.3': {}

  '@sveltejs/vite-plugin-svelte-inspector@5.0.2(@sveltejs/vite-plugin-svelte@6.2.4(svelte@5.57.1)(vite@7.3.6(jiti@2.7.0)))(svelte@5.57.1)(vite@7.3.6(jiti@2.7.0))':
    dependencies:
      '@sveltejs/vite-plugin-svelte': 6.2.4(svelte@5.57.1)(vite@7.3.6(jiti@2.7.0))
      obug: 2.2.1
      svelte: 5.57.1
      vite: 7.3.6(jiti@2.7.0)

  '@sveltejs/vite-plugin-svelte@6.2.4(svelte@5.57.1)(vite@7.3.6(jiti@2.7.0))':
    dependencies:
      '@sveltejs/vite-plugin-svelte-inspector': 5.0.2(@sveltejs/vite-plugin-svelte@6.2.4(svelte@5.57.1)(vite@7.3.6(jiti@2.7.0)))(svelte@5.57.1)(vite@7.3.6(jiti@2.7.0))
      deepmerge: 4.3.1
      magic-string: 0.30.21
      obug: 2.2.1
      svelte: 5.57.1
      vite: 7.3.6(jiti@2.7.0)
      vitefu: 1.1.3(vite@7.3.6(jiti@2.7.0))

  '@swc/helpers@0.5.23':
    dependencies:
      tslib: 2.8.1

  '@types/cookie@0.6.0': {}

  '@types/estree@1.0.8': {}

  '@types/estree@1.0.9': {}

  '@zag-js/accordion@1.43.0':
    dependencies:
      '@zag-js/anatomy': 1.43.0
      '@zag-js/core': 1.43.0
      '@zag-js/dom-query': 1.43.0
      '@zag-js/types': 1.43.0
      '@zag-js/utils': 1.43.0

  '@zag-js/anatomy@1.43.0': {}

  '@zag-js/aria-hidden@1.43.0':
    dependencies:
      '@zag-js/dom-query': 1.43.0

  '@zag-js/auto-resize@1.43.0':
    dependencies:
      '@zag-js/dom-query': 1.43.0

  '@zag-js/avatar@1.43.0':
    dependencies:
      '@zag-js/anatomy': 1.43.0
      '@zag-js/core': 1.43.0
      '@zag-js/dom-query': 1.43.0
      '@zag-js/types': 1.43.0
      '@zag-js/utils': 1.43.0

  '@zag-js/carousel@1.43.0':
    dependencies:
      '@zag-js/anatomy': 1.43.0
      '@zag-js/core': 1.43.0
      '@zag-js/dom-query': 1.43.0
      '@zag-js/scroll-snap': 1.43.0
      '@zag-js/types': 1.43.0
      '@zag-js/utils': 1.43.0

  '@zag-js/collapsible@1.43.0':
    dependencies:
      '@zag-js/anatomy': 1.43.0
      '@zag-js/core': 1.43.0
      '@zag-js/dom-query': 1.43.0
      '@zag-js/types': 1.43.0
      '@zag-js/utils': 1.43.0

  '@zag-js/collection@1.43.0':
    dependencies:
      '@zag-js/utils': 1.43.0

  '@zag-js/combobox@1.43.0':
    dependencies:
      '@zag-js/anatomy': 1.43.0
      '@zag-js/collection': 1.43.0
      '@zag-js/core': 1.43.0
      '@zag-js/dismissable': 1.43.0
      '@zag-js/dom-query': 1.43.0
      '@zag-js/focus-visible': 1.43.0
      '@zag-js/live-region': 1.43.0
      '@zag-js/popper': 1.43.0
      '@zag-js/types': 1.43.0
      '@zag-js/utils': 1.43.0

  '@zag-js/core@1.43.0':
    dependencies:
      '@zag-js/dom-query': 1.43.0
      '@zag-js/utils': 1.43.0

  '@zag-js/date-picker@1.43.0(@internationalized/date@3.12.3)':
    dependencies:
      '@internationalized/date': 3.12.3
      '@zag-js/anatomy': 1.43.0
      '@zag-js/core': 1.43.0
      '@zag-js/date-utils': 1.43.0(@internationalized/date@3.12.3)
      '@zag-js/dismissable': 1.43.0
      '@zag-js/dom-query': 1.43.0
      '@zag-js/live-region': 1.43.0
      '@zag-js/popper': 1.43.0
      '@zag-js/types': 1.43.0
      '@zag-js/utils': 1.43.0

  '@zag-js/date-utils@1.43.0(@internationalized/date@3.12.3)':
    dependencies:
      '@internationalized/date': 3.12.3

  '@zag-js/dialog@1.43.0':
    dependencies:
      '@zag-js/anatomy': 1.43.0
      '@zag-js/aria-hidden': 1.43.0
      '@zag-js/core': 1.43.0
      '@zag-js/dismissable': 1.43.0
      '@zag-js/dom-query': 1.43.0
      '@zag-js/focus-trap': 1.43.0
      '@zag-js/remove-scroll': 1.43.0
      '@zag-js/types': 1.43.0
      '@zag-js/utils': 1.43.0

  '@zag-js/dismissable@1.43.0':
    dependencies:
      '@zag-js/dom-query': 1.43.0
      '@zag-js/interact-outside': 1.43.0
      '@zag-js/utils': 1.43.0

  '@zag-js/dom-query@1.43.0':
    dependencies:
      '@zag-js/types': 1.43.0

  '@zag-js/file-upload@1.43.0':
    dependencies:
      '@zag-js/anatomy': 1.43.0
      '@zag-js/core': 1.43.0
      '@zag-js/dom-query': 1.43.0
      '@zag-js/file-utils': 1.43.0
      '@zag-js/i18n-utils': 1.43.0
      '@zag-js/types': 1.43.0
      '@zag-js/utils': 1.43.0

  '@zag-js/file-utils@1.43.0':
    dependencies:
      '@zag-js/i18n-utils': 1.43.0

  '@zag-js/floating-panel@1.43.0':
    dependencies:
      '@zag-js/anatomy': 1.43.0
      '@zag-js/core': 1.43.0
      '@zag-js/dom-query': 1.43.0
      '@zag-js/popper': 1.43.0
      '@zag-js/rect-utils': 1.43.0
      '@zag-js/store': 1.43.0
      '@zag-js/types': 1.43.0
      '@zag-js/utils': 1.43.0

  '@zag-js/focus-trap@1.43.0':
    dependencies:
      '@zag-js/dom-query': 1.43.0

  '@zag-js/focus-visible@1.43.0':
    dependencies:
      '@zag-js/dom-query': 1.43.0

  '@zag-js/i18n-utils@1.43.0':
    dependencies:
      '@zag-js/dom-query': 1.43.0

  '@zag-js/interact-outside@1.43.0':
    dependencies:
      '@zag-js/dom-query': 1.43.0
      '@zag-js/utils': 1.43.0

  '@zag-js/listbox@1.43.0':
    dependencies:
      '@zag-js/anatomy': 1.43.0
      '@zag-js/collection': 1.43.0
      '@zag-js/core': 1.43.0
      '@zag-js/dom-query': 1.43.0
      '@zag-js/focus-visible': 1.43.0
      '@zag-js/types': 1.43.0
      '@zag-js/utils': 1.43.0

  '@zag-js/live-region@1.43.0': {}

  '@zag-js/marquee@1.43.0':
    dependencies:
      '@zag-js/anatomy': 1.43.0
      '@zag-js/core': 1.43.0
      '@zag-js/dom-query': 1.43.0
      '@zag-js/types': 1.43.0
      '@zag-js/utils': 1.43.0

  '@zag-js/menu@1.43.0':
    dependencies:
      '@zag-js/anatomy': 1.43.0
      '@zag-js/core': 1.43.0
      '@zag-js/dismissable': 1.43.0
      '@zag-js/dom-query': 1.43.0
      '@zag-js/focus-visible': 1.43.0
      '@zag-js/popper': 1.43.0
      '@zag-js/rect-utils': 1.43.0
      '@zag-js/types': 1.43.0
      '@zag-js/utils': 1.43.0

  '@zag-js/pagination@1.43.0':
    dependencies:
      '@zag-js/anatomy': 1.43.0
      '@zag-js/core': 1.43.0
      '@zag-js/dom-query': 1.43.0
      '@zag-js/types': 1.43.0
      '@zag-js/utils': 1.43.0

  '@zag-js/popover@1.43.0':
    dependencies:
      '@zag-js/anatomy': 1.43.0
      '@zag-js/aria-hidden': 1.43.0
      '@zag-js/core': 1.43.0
      '@zag-js/dismissable': 1.43.0
      '@zag-js/dom-query': 1.43.0
      '@zag-js/focus-trap': 1.43.0
      '@zag-js/popper': 1.43.0
      '@zag-js/remove-scroll': 1.43.0
      '@zag-js/types': 1.43.0
      '@zag-js/utils': 1.43.0

  '@zag-js/popper@1.43.0':
    dependencies:
      '@floating-ui/dom': 1.8.0
      '@zag-js/dom-query': 1.43.0
      '@zag-js/utils': 1.43.0

  '@zag-js/progress@1.43.0':
    dependencies:
      '@zag-js/anatomy': 1.43.0
      '@zag-js/core': 1.43.0
      '@zag-js/dom-query': 1.43.0
      '@zag-js/types': 1.43.0
      '@zag-js/utils': 1.43.0

  '@zag-js/qr-code@1.43.0':
    dependencies:
      '@zag-js/anatomy': 1.43.0
      '@zag-js/core': 1.43.0
      '@zag-js/dom-query': 1.43.0
      '@zag-js/types': 1.43.0
      '@zag-js/utils': 1.43.0
      proxy-memoize: 3.0.1
      uqr: 0.1.3

  '@zag-js/radio-group@1.43.0':
    dependencies:
      '@zag-js/anatomy': 1.43.0
      '@zag-js/core': 1.43.0
      '@zag-js/dom-query': 1.43.0
      '@zag-js/focus-visible': 1.43.0
      '@zag-js/types': 1.43.0
      '@zag-js/utils': 1.43.0

  '@zag-js/rating-group@1.43.0':
    dependencies:
      '@zag-js/anatomy': 1.43.0
      '@zag-js/core': 1.43.0
      '@zag-js/dom-query': 1.43.0
      '@zag-js/types': 1.43.0
      '@zag-js/utils': 1.43.0

  '@zag-js/rect-utils@1.43.0': {}

  '@zag-js/remove-scroll@1.43.0':
    dependencies:
      '@zag-js/dom-query': 1.43.0

  '@zag-js/scroll-snap@1.43.0':
    dependencies:
      '@zag-js/dom-query': 1.43.0

  '@zag-js/slider@1.43.0':
    dependencies:
      '@zag-js/anatomy': 1.43.0
      '@zag-js/core': 1.43.0
      '@zag-js/dom-query': 1.43.0
      '@zag-js/types': 1.43.0
      '@zag-js/utils': 1.43.0

  '@zag-js/steps@1.43.0':
    dependencies:
      '@zag-js/anatomy': 1.43.0
      '@zag-js/core': 1.43.0
      '@zag-js/dom-query': 1.43.0
      '@zag-js/types': 1.43.0
      '@zag-js/utils': 1.43.0

  '@zag-js/store@1.43.0':
    dependencies:
      proxy-compare: 3.0.1

  '@zag-js/svelte@1.43.0(svelte@5.57.1)':
    dependencies:
      '@zag-js/core': 1.43.0
      '@zag-js/types': 1.43.0
      '@zag-js/utils': 1.43.0
      svelte: 5.57.1

  '@zag-js/switch@1.43.0':
    dependencies:
      '@zag-js/anatomy': 1.43.0
      '@zag-js/core': 1.43.0
      '@zag-js/dom-query': 1.43.0
      '@zag-js/focus-visible': 1.43.0
      '@zag-js/types': 1.43.0
      '@zag-js/utils': 1.43.0

  '@zag-js/tabs@1.43.0':
    dependencies:
      '@zag-js/anatomy': 1.43.0
      '@zag-js/core': 1.43.0
      '@zag-js/dom-query': 1.43.0
      '@zag-js/types': 1.43.0
      '@zag-js/utils': 1.43.0

  '@zag-js/tags-input@1.43.0':
    dependencies:
      '@zag-js/anatomy': 1.43.0
      '@zag-js/auto-resize': 1.43.0
      '@zag-js/core': 1.43.0
      '@zag-js/dom-query': 1.43.0
      '@zag-js/interact-outside': 1.43.0
      '@zag-js/live-region': 1.43.0
      '@zag-js/types': 1.43.0
      '@zag-js/utils': 1.43.0

  '@zag-js/toast@1.43.0':
    dependencies:
      '@zag-js/anatomy': 1.43.0
      '@zag-js/core': 1.43.0
      '@zag-js/dismissable': 1.43.0
      '@zag-js/dom-query': 1.43.0
      '@zag-js/types': 1.43.0
      '@zag-js/utils': 1.43.0

  '@zag-js/toggle-group@1.43.0':
    dependencies:
      '@zag-js/anatomy': 1.43.0
      '@zag-js/core': 1.43.0
      '@zag-js/dom-query': 1.43.0
      '@zag-js/types': 1.43.0
      '@zag-js/utils': 1.43.0

  '@zag-js/tooltip@1.43.0':
    dependencies:
      '@zag-js/anatomy': 1.43.0
      '@zag-js/core': 1.43.0
      '@zag-js/dom-query': 1.43.0
      '@zag-js/focus-visible': 1.43.0
      '@zag-js/popper': 1.43.0
      '@zag-js/types': 1.43.0
      '@zag-js/utils': 1.43.0

  '@zag-js/tree-view@1.43.0':
    dependencies:
      '@zag-js/anatomy': 1.43.0
      '@zag-js/collection': 1.43.0
      '@zag-js/core': 1.43.0
      '@zag-js/dom-query': 1.43.0
      '@zag-js/types': 1.43.0
      '@zag-js/utils': 1.43.0

  '@zag-js/types@1.43.0':
    dependencies:
      csstype: 3.2.3

  '@zag-js/utils@1.43.0': {}

  acorn@8.18.0: {}

  aria-query@5.3.1: {}

  axobject-query@4.1.0: {}

  chokidar@4.0.3:
    dependencies:
      readdirp: 4.1.2

  clsx@2.1.1: {}

  cookie@0.6.0: {}

  csstype@3.2.3: {}

  deepmerge@4.3.1: {}

  devalue@5.9.4: {}

  esbuild@0.28.2:
    optionalDependencies:
      '@esbuild/aix-ppc64': 0.28.2
      '@esbuild/android-arm': 0.28.2
      '@esbuild/android-arm64': 0.28.2
      '@esbuild/android-x64': 0.28.2
      '@esbuild/darwin-arm64': 0.28.2
      '@esbuild/darwin-x64': 0.28.2
      '@esbuild/freebsd-arm64': 0.28.2
      '@esbuild/freebsd-x64': 0.28.2
      '@esbuild/linux-arm': 0.28.2
      '@esbuild/linux-arm64': 0.28.2
      '@esbuild/linux-ia32': 0.28.2
      '@esbuild/linux-loong64': 0.28.2
      '@esbuild/linux-mips64el': 0.28.2
      '@esbuild/linux-ppc64': 0.28.2
      '@esbuild/linux-riscv64': 0.28.2
      '@esbuild/linux-s390x': 0.28.2
      '@esbuild/linux-x64': 0.28.2
      '@esbuild/netbsd-arm64': 0.28.2
      '@esbuild/netbsd-x64': 0.28.2
      '@esbuild/openbsd-arm64': 0.28.2
      '@esbuild/openbsd-x64': 0.28.2
      '@esbuild/openharmony-arm64': 0.28.2
      '@esbuild/sunos-x64': 0.28.2
      '@esbuild/win32-arm64': 0.28.2
      '@esbuild/win32-ia32': 0.28.2
      '@esbuild/win32-x64': 0.28.2

  esm-env@1.2.2: {}

  esrap@2.4.0:
    dependencies:
      '@jridgewell/sourcemap-codec': 1.6.0

  fdir@6.5.0(picomatch@4.0.7):
    optionalDependencies:
      picomatch: 4.0.7

  fsevents@2.3.3:
    optional: true

  is-reference@3.0.3:
    dependencies:
      '@types/estree': 1.0.9

  jiti@2.7.0:
    optional: true

  kleur@4.1.5: {}

  locate-character@3.0.0: {}

  magic-string@0.30.21:
    dependencies:
      '@jridgewell/sourcemap-codec': 1.6.0

  mri@1.2.0: {}

  mrmime@2.0.1: {}

  nanoid@3.3.20: {}

  obug@2.2.1: {}

  picocolors@1.1.1: {}

  picomatch@4.0.7: {}

  postcss@8.5.29:
    dependencies:
      nanoid: 3.3.20
      picocolors: 1.1.1
      source-map-js: 1.2.2

  proxy-compare@3.0.1: {}

  proxy-memoize@3.0.1:
    dependencies:
      proxy-compare: 3.0.1

  readdirp@4.1.2: {}

  sade@1.8.1:
    dependencies:
      mri: 1.2.0

  set-cookie-parser@3.1.2: {}

  sirv@3.0.2:
    dependencies:
      '@polka/url': 1.0.0-next.29
      mrmime: 2.0.1
      totalist: 3.0.1

  source-map-js@1.2.2: {}

  svelte-check@4.7.6(picomatch@4.0.7)(svelte@5.57.1)(typescript@5.9.3):
    dependencies:
      '@jridgewell/trace-mapping': 0.3.31
      '@sveltejs/load-config': 0.2.3
      chokidar: 4.0.3
      fdir: 6.5.0(picomatch@4.0.7)
      picocolors: 1.1.1
      sade: 1.8.1
      svelte: 5.57.1
      typescript: 5.9.3
    transitivePeerDependencies:
      - picomatch

  svelte@5.57.1:
    dependencies:
      '@jridgewell/remapping': 2.3.5
      '@jridgewell/sourcemap-codec': 1.6.0
      '@sveltejs/acorn-typescript': 1.0.13(acorn@8.18.0)
      '@types/estree': 1.0.9
      acorn: 8.18.0
      aria-query: 5.3.1
      axobject-query: 4.1.0
      clsx: 2.1.1
      devalue: 5.9.4
      esm-env: 1.2.2
      esrap: 2.4.0
      is-reference: 3.0.3
      locate-character: 3.0.0
      magic-string: 0.30.21
      zimmerframe: 1.1.5
    transitivePeerDependencies:
      - '@typescript-eslint/types'

  tailwindcss@4.3.3: {}

  tinyglobby@0.2.17:
    dependencies:
      fdir: 6.5.0(picomatch@4.0.7)
      picomatch: 4.0.7

  totalist@3.0.1: {}

  tslib@2.8.1: {}

  typescript@5.9.3: {}

  uqr@0.1.3: {}

  vite@7.3.6(jiti@2.7.0):
    dependencies:
      esbuild: 0.28.2
      fdir: 6.5.0(picomatch@4.0.7)
      picomatch: 4.0.7
      postcss: 8.5.29
      rollup: '@rollup/wasm-node@4.52.5'
      tinyglobby: 0.2.17
    optionalDependencies:
      fsevents: 2.3.3
      jiti: 2.7.0

  vitefu@1.1.3(vite@7.3.6(jiti@2.7.0)):
    optionalDependencies:
      vite: 7.3.6(jiti@2.7.0)

  zimmerframe@1.1.5: {}
